
Microsoft Visual Studio Solution File, Format Version 12.00
# Visual Studio Version 16
VisualStudioVersion = 16.0.29519.87
MinimumVisualStudioVersion = 10.0.40219.1
Project("{FAE04EC0-301F-11D3-BF4B-00C04F79EFBC}") = "仿照M3U8", "仿照M3U8.csproj", "{0747864E-83E9-4FCC-8FB0-A67C128A5C97}"
EndProject
Global
	GlobalSection(SolutionConfigurationPlatforms) = preSolution
		Debug|Any CPU = Debug|Any CPU
		Release|Any CPU = Release|Any CPU
	EndGlobalSection
	GlobalSection(ProjectConfigurationPlatforms) = postSolution
		{0747864E-83E9-4FCC-8FB0-A67C128A5C97}.Debug|Any CPU.ActiveCfg = Debug|Any CPU
		{0747864E-83E9-4FCC-8FB0-A67C128A5C97}.Debug|Any CPU.Build.0 = Debug|Any CPU
		{0747864E-83E9-4FCC-8FB0-A67C128A5C97}.Release|Any CPU.ActiveCfg = Release|Any CPU
		{0747864E-83E9-4FCC-8FB0-A67C128A5C97}.Release|Any CPU.Build.0 = Release|Any CPU
	EndGlobalSection
	GlobalSection(SolutionProperties) = preSolution
		HideSolutionNode = FALSE
	EndGlobalSection
	GlobalSection(ExtensibilityGlobals) = postSolution
		SolutionGuid = {C77DAB1D-6F66-44BB-8016-672E70BFEF78}
	EndGlobalSection
EndGlobal
